
Microsoft Visual Studio Solution File, Format Version 12.00
# Visual Studio 2013
VisualStudioVersion = 12.0.30110.0
MinimumVisualStudioVersion = 10.0.40219.1
Project("{FAE04EC0-301F-11D3-BF4B-00C04F79EFBC}") = "StarDotOne", "StarDotOne\StarDotOne.csproj", "{516AFC7F-536C-46FE-AF07-C3165C15E348}"
EndProject
Project("{FAE04EC0-301F-11D3-BF4B-00C04F79EFBC}") = "StarDotOne.Client", "StartDotOne.Client\StarDotOne.Client.csproj", "{93E53014-767F-4771-A90C-82C7FBB8A3FB}"
EndProject
Global
	GlobalSection(SolutionConfigurationPlatforms) = preSolution
		Debug|Any CPU = Debug|Any CPU
		Release|Any CPU = Release|Any CPU
	EndGlobalSection
	GlobalSection(ProjectConfigurationPlatforms) = postSolution
		{516AFC7F-536C-46FE-AF07-C3165C15E348}.Debug|Any CPU.ActiveCfg = Debug|Any CPU
		{516AFC7F-536C-46FE-AF07-C3165C15E348}.Debug|Any CPU.Build.0 = Debug|Any CPU
		{516AFC7F-536C-46FE-AF07-C3165C15E348}.Release|Any CPU.ActiveCfg = Release|Any CPU
		{516AFC7F-536C-46FE-AF07-C3165C15E348}.Release|Any CPU.Build.0 = Release|Any CPU
		{93E53014-767F-4771-A90C-82C7FBB8A3FB}.Debug|Any CPU.ActiveCfg = Debug|Any CPU
		{93E53014-767F-4771-A90C-82C7FBB8A3FB}.Debug|Any CPU.Build.0 = Debug|Any CPU
		{93E53014-767F-4771-A90C-82C7FBB8A3FB}.Release|Any CPU.ActiveCfg = Release|Any CPU
		{93E53014-767F-4771-A90C-82C7FBB8A3FB}.Release|Any CPU.Build.0 = Release|Any CPU
	EndGlobalSection
	GlobalSection(SolutionProperties) = preSolution
		HideSolutionNode = FALSE
	EndGlobalSection
EndGlobal
